{"filter":false,"title":"Gemfile.lock","tooltip":"/basic-web-apps/Gemfile.lock","undoManager":{"mark":-1,"position":-1,"stack":[]},"ace":{"folds":[],"scrolltop":340.5,"scrollleft":0,"selection":{"start":{"row":0,"column":0},"end":{"row":0,"column":0},"isBackwards":false},"options":{"guessTabSize":true,"useWrapMode":false,"wrapToView":true},"firstLineState":{"row":20,"state":"start","mode":"ace/mode/text"}},"timestamp":1411517385970,"hash":"191adaff9728063350282451b899354982838fa9"}